// !$*UTF8*$!
{
	archiveVersion = 1;
	classes = {
	};
	objectVersion = 50;
	objects = {

/* Begin PBXBuildFile section */
		F1A8872322DA5E7E00F800FD /* MyTileSet.sks in Resources */ = {isa = PBXBuildFile; fileRef = F1A8872222DA5E7E00F800FD /* MyTileSet.sks */; };
		F1A8872522DA767A00F800FD /* try this.json in Resources */ = {isa = PBXBuildFile; fileRef = F1A8872422DA767A00F800FD /* try this.json */; };
		F1B603EB22DA4E0B00A5F7C6 /* AppDelegate.swift in Sources */ = {isa = PBXBuildFile; fileRef = F1B603EA22DA4E0B00A5F7C6 /* AppDelegate.swift */; };
		F1B603ED22DA4E0B00A5F7C6 /* GameScene.sks in Resources */ = {isa = PBXBuildFile; fileRef = F1B603EC22DA4E0B00A5F7C6 /* GameScene.sks */; };
		F1B603EF22DA4E0B00A5F7C6 /* Actions.sks in Resources */ = {isa = PBXBuildFile; fileRef = F1B603EE22DA4E0B00A5F7C6 /* Actions.sks */; };
		F1B603F122DA4E0B00A5F7C6 /* GameScene.swift in Sources */ = {isa = PBXBuildFile; fileRef = F1B603F022DA4E0B00A5F7C6 /* GameScene.swift */; };
		F1B603F322DA4E0B00A5F7C6 /* GameViewController.swift in Sources */ = {isa = PBXBuildFile; fileRef = F1B603F222DA4E0B00A5F7C6 /* GameViewController.swift */; };
		F1B603F622DA4E0B00A5F7C6 /* Main.storyboard in Resources */ = {isa = PBXBuildFile; fileRef = F1B603F422DA4E0B00A5F7C6 /* Main.storyboard */; };
		F1B603F822DA4E0D00A5F7C6 /* Assets.xcassets in Resources */ = {isa = PBXBuildFile; fileRef = F1B603F722DA4E0D00A5F7C6 /* Assets.xcassets */; };
		F1B603FB22DA4E0D00A5F7C6 /* LaunchScreen.storyboard in Resources */ = {isa = PBXBuildFile; fileRef = F1B603F922DA4E0D00A5F7C6 /* LaunchScreen.storyboard */; };
		F1B6040622DA4E0D00A5F7C6 /* ViaslattTests.swift in Sources */ = {isa = PBXBuildFile; fileRef = F1B6040522DA4E0D00A5F7C6 /* ViaslattTests.swift */; };
		F1B6041122DA4E0D00A5F7C6 /* ViaslattUITests.swift in Sources */ = {isa = PBXBuildFile; fileRef = F1B6041022DA4E0D00A5F7C6 /* ViaslattUITests.swift */; };
/* End PBXBuildFile section */

/* Begin PBXContainerItemProxy section */
		F1B6040222DA4E0D00A5F7C6 /* PBXContainerItemProxy */ = {
			isa = PBXContainerItemProxy;
			containerPortal = F1B603DF22DA4E0B00A5F7C6 /* Project object */;
			proxyType = 1;
			remoteGlobalIDString = F1B603E622DA4E0B00A5F7C6;
			remoteInfo = Viaslatt;
		};
		F1B6040D22DA4E0D00A5F7C6 /* PBXContainerItemProxy */ = {
			isa = PBXContainerItemProxy;
			containerPortal = F1B603DF22DA4E0B00A5F7C6 /* Project object */;
			proxyType = 1;
			remoteGlobalIDString = F1B603E622DA4E0B00A5F7C6;
			remoteInfo = Viaslatt;
		};
/* End PBXContainerItemProxy section */

/* Begin PBXFileReference section */
		F1A8872222DA5E7E00F800FD /* MyTileSet.sks */ = {isa = PBXFileReference; lastKnownFileType = file.sks; path = MyTileSet.sks; sourceTree = "<group>"; };
		F1A8872422DA767A00F800FD /* try this.json */ = {isa = PBXFileReference; fileEncoding = 4; lastKnownFileType = text.json; path = "try this.json"; sourceTree = "<group>"; };
		F1B603E722DA4E0B00A5F7C6 /* Viaslatt.app */ = {isa = PBXFileReference; explicitFileType = wrapper.application; includeInIndex = 0; path = Viaslatt.app; sourceTree = BUILT_PRODUCTS_DIR; };
		F1B603EA22DA4E0B00A5F7C6 /* AppDelegate.swift */ = {isa = PBXFileReference; lastKnownFileType = sourcecode.swift; path = AppDelegate.swift; sourceTree = "<group>"; };
		F1B603EC22DA4E0B00A5F7C6 /* GameScene.sks */ = {isa = PBXFileReference; lastKnownFileType = file.sks; path = GameScene.sks; sourceTree = "<group>"; };
		F1B603EE22DA4E0B00A5F7C6 /* Actions.sks */ = {isa = PBXFileReference; lastKnownFileType = file.sks; path = Actions.sks; sourceTree = "<group>"; };
		F1B603F022DA4E0B00A5F7C6 /* GameScene.swift */ = {isa = PBXFileReference; lastKnownFileType = sourcecode.swift; path = GameScene.swift; sourceTree = "<group>"; };
		F1B603F222DA4E0B00A5F7C6 /* GameViewController.swift */ = {isa = PBXFileReference; lastKnownFileType = sourcecode.swift; path = GameViewController.swift; sourceTree = "<group>"; };
		F1B603F522DA4E0B00A5F7C6 /* Base */ = {isa = PBXFileReference; lastKnownFileType = file.storyboard; name = Base; path = Base.lproj/Main.storyboard; sourceTree = "<group>"; };
		F1B603F722DA4E0D00A5F7C6 /* Assets.xcassets */ = {isa = PBXFileReference; lastKnownFileType = folder.assetcatalog; path = Assets.xcassets; sourceTree = "<group>"; };
		F1B603FA22DA4E0D00A5F7C6 /* Base */ = {isa = PBXFileReference; lastKnownFileType = file.storyboard; name = Base; path = Base.lproj/LaunchScreen.storyboard; sourceTree = "<group>"; };
		F1B603FC22DA4E0D00A5F7C6 /* Info.plist */ = {isa = PBXFileReference; lastKnownFileType = text.plist.xml; path = Info.plist; sourceTree = "<group>"; };
		F1B6040122DA4E0D00A5F7C6 /* ViaslattTests.xctest */ = {isa = PBXFileReference; explicitFileType = wrapper.cfbundle; includeInIndex = 0; path = ViaslattTests.xctest; sourceTree = BUILT_PRODUCTS_DIR; };
		F1B6040522DA4E0D00A5F7C6 /* ViaslattTests.swift */ = {isa = PBXFileReference; lastKnownFileType = sourcecode.swift; path = ViaslattTests.swift; sourceTree = "<group>"; };
		F1B6040722DA4E0D00A5F7C6 /* Info.plist */ = {isa = PBXFileReference; lastKnownFileType = text.plist.xml; path = Info.plist; sourceTree = "<group>"; };
		F1B6040C22DA4E0D00A5F7C6 /* ViaslattUITests.xctest */ = {isa = PBXFileReference; explicitFileType = wrapper.cfbundle; includeInIndex = 0; path = ViaslattUITests.xctest; sourceTree = BUILT_PRODUCTS_DIR; };
		F1B6041022DA4E0D00A5F7C6 /* ViaslattUITests.swift */ = {isa = PBXFileReference; lastKnownFileType = sourcecode.swift; path = ViaslattUITests.swift; sourceTree = "<group>"; };
		F1B6041222DA4E0D00A5F7C6 /* Info.plist */ = {isa = PBXFileReference; lastKnownFileType = text.plist.xml; path = Info.plist; sourceTree = "<group>"; };
/* End PBXFileReference section */

/* Begin PBXFrameworksBuildPhase section */
		F1B603E422DA4E0B00A5F7C6 /* Frameworks */ = {
			isa = PBXFrameworksBuildPhase;
			buildActionMask = 2147483647;
			files = (
			);
			runOnlyForDeploymentPostprocessing = 0;
		};
		F1B603FE22DA4E0D00A5F7C6 /* Frameworks */ = {
			isa = PBXFrameworksBuildPhase;
			buildActionMask = 2147483647;
			files = (
			);
			runOnlyForDeploymentPostprocessing = 0;
		};
		F1B6040922DA4E0D00A5F7C6 /* Frameworks */ = {
			isa = PBXFrameworksBuildPhase;
			buildActionMask = 2147483647;
			files = (
			);
			runOnlyForDeploymentPostprocessing = 0;
		};
/* End PBXFrameworksBuildPhase section */

/* Begin PBXGroup section */
		F1B603DE22DA4E0B00A5F7C6 = {
			isa = PBXGroup;
			children = (
				F1B603E922DA4E0B00A5F7C6 /* Viaslatt */,
				F1B6040422DA4E0D00A5F7C6 /* ViaslattTests */,
				F1B6040F22DA4E0D00A5F7C6 /* ViaslattUITests */,
				F1B603E822DA4E0B00A5F7C6 /* Products */,
			);
			sourceTree = "<group>";
		};
		F1B603E822DA4E0B00A5F7C6 /* Products */ = {
			isa = PBXGroup;
			children = (
				F1B603E722DA4E0B00A5F7C6 /* Viaslatt.app */,
				F1B6040122DA4E0D00A5F7C6 /* ViaslattTests.xctest */,
				F1B6040C22DA4E0D00A5F7C6 /* ViaslattUITests.xctest */,
			);
			name = Products;
			sourceTree = "<group>";
		};
		F1B603E922DA4E0B00A5F7C6 /* Viaslatt */ = {
			isa = PBXGroup;
			children = (
				F1B603EA22DA4E0B00A5F7C6 /* AppDelegate.swift */,
				F1B603EC22DA4E0B00A5F7C6 /* GameScene.sks */,
				F1A8872222DA5E7E00F800FD /* MyTileSet.sks */,
				F1A8872422DA767A00F800FD /* try this.json */,
				F1B603EE22DA4E0B00A5F7C6 /* Actions.sks */,
				F1B603F022DA4E0B00A5F7C6 /* GameScene.swift */,
				F1B603F222DA4E0B00A5F7C6 /* GameViewController.swift */,
				F1B603F422DA4E0B00A5F7C6 /* Main.storyboard */,
				F1B603F722DA4E0D00A5F7C6 /* Assets.xcassets */,
				F1B603F922DA4E0D00A5F7C6 /* LaunchScreen.storyboard */,
				F1B603FC22DA4E0D00A5F7C6 /* Info.plist */,
			);
			path = Viaslatt;
			sourceTree = "<group>";
		};
		F1B6040422DA4E0D00A5F7C6 /* ViaslattTests */ = {
			isa = PBXGroup;
			children = (
				F1B6040522DA4E0D00A5F7C6 /* ViaslattTests.swift */,
				F1B6040722DA4E0D00A5F7C6 /* Info.plist */,
			);
			path = ViaslattTests;
			sourceTree = "<group>";
		};
		F1B6040F22DA4E0D00A5F7C6 /* ViaslattUITests */ = {
			isa = PBXGroup;
			children = (
				F1B6041022DA4E0D00A5F7C6 /* ViaslattUITests.swift */,
				F1B6041222DA4E0D00A5F7C6 /* Info.plist */,
			);
			path = ViaslattUITests;
			sourceTree = "<group>";
		};
/* End PBXGroup section */

/* Begin PBXNativeTarget section */
		F1B603E622DA4E0B00A5F7C6 /* Viaslatt */ = {
			isa = PBXNativeTarget;
			buildConfigurationList = F1B6041522DA4E0D00A5F7C6 /* Build configuration list for PBXNativeTarget "Viaslatt" */;
			buildPhases = (
				F1B603E322DA4E0B00A5F7C6 /* Sources */,
				F1B603E422DA4E0B00A5F7C6 /* Frameworks */,
				F1B603E522DA4E0B00A5F7C6 /* Resources */,
			);
			buildRules = (
			);
			dependencies = (
			);
			name = Viaslatt;
			productName = Viaslatt;
			productReference = F1B603E722DA4E0B00A5F7C6 /* Viaslatt.app */;
			productType = "com.apple.product-type.application";
		};
		F1B6040022DA4E0D00A5F7C6 /* ViaslattTests */ = {
			isa = PBXNativeTarget;
			buildConfigurationList = F1B6041822DA4E0D00A5F7C6 /* Build configuration list for PBXNativeTarget "ViaslattTests" */;
			buildPhases = (
				F1B603FD22DA4E0D00A5F7C6 /* Sources */,
				F1B603FE22DA4E0D00A5F7C6 /* Frameworks */,
				F1B603FF22DA4E0D00A5F7C6 /* Resources */,
			);
			buildRules = (
			);
			dependencies = (
				F1B6040322DA4E0D00A5F7C6 /* PBXTargetDependency */,
			);
			name = ViaslattTests;
			productName = ViaslattTests;
			productReference = F1B6040122DA4E0D00A5F7C6 /* ViaslattTests.xctest */;
			productType = "com.apple.product-type.bundle.unit-test";
		};
		F1B6040B22DA4E0D00A5F7C6 /* ViaslattUITests */ = {
			isa = PBXNativeTarget;
			buildConfigurationList = F1B6041B22DA4E0D00A5F7C6 /* Build configuration list for PBXNativeTarget "ViaslattUITests" */;
			buildPhases = (
				F1B6040822DA4E0D00A5F7C6 /* Sources */,
				F1B6040922DA4E0D00A5F7C6 /* Frameworks */,
				F1B6040A22DA4E0D00A5F7C6 /* Resources */,
			);
			buildRules = (
			);
			dependencies = (
				F1B6040E22DA4E0D00A5F7C6 /* PBXTargetDependency */,
			);
			name = ViaslattUITests;
			productName = ViaslattUITests;
			productReference = F1B6040C22DA4E0D00A5F7C6 /* ViaslattUITests.xctest */;
			productType = "com.apple.product-type.bundle.ui-testing";
		};
/* End PBXNativeTarget section */

/* Begin PBXProject section */
		F1B603DF22DA4E0B00A5F7C6 /* Project object */ = {
			isa = PBXProject;
			attributes = {
				LastSwiftUpdateCheck = 1020;
				LastUpgradeCheck = 1020;
				ORGANIZATIONNAME = "Michael Tran";
				TargetAttributes = {
					F1B603E622DA4E0B00A5F7C6 = {
						CreatedOnToolsVersion = 10.2.1;
					};
					F1B6040022DA4E0D00A5F7C6 = {
						CreatedOnToolsVersion = 10.2.1;
						TestTargetID = F1B603E622DA4E0B00A5F7C6;
					};
					F1B6040B22DA4E0D00A5F7C6 = {
						CreatedOnToolsVersion = 10.2.1;
						TestTargetID = F1B603E622DA4E0B00A5F7C6;
					};
				};
			};
			buildConfigurationList = F1B603E222DA4E0B00A5F7C6 /* Build configuration list for PBXProject "Viaslatt" */;
			compatibilityVersion = "Xcode 9.3";
			developmentRegion = en;
			hasScannedForEncodings = 0;
			knownRegions = (
				en,
				Base,
			);
			mainGroup = F1B603DE22DA4E0B00A5F7C6;
			productRefGroup = F1B603E822DA4E0B00A5F7C6 /* Products */;
			projectDirPath = "";
			projectRoot = "";
			targets = (
				F1B603E622DA4E0B00A5F7C6 /* Viaslatt */,
				F1B6040022DA4E0D00A5F7C6 /* ViaslattTests */,
				F1B6040B22DA4E0D00A5F7C6 /* ViaslattUITests */,
			);
		};
/* End PBXProject section */

/* Begin PBXResourcesBuildPhase section */
		F1B603E522DA4E0B00A5F7C6 /* Resources */ = {
			isa = PBXResourcesBuildPhase;
			buildActionMask = 2147483647;
			files = (
				F1A8872522DA767A00F800FD /* try this.json in Resources */,
				F1A8872322DA5E7E00F800FD /* MyTileSet.sks in Resources */,
				F1B603F622DA4E0B00A5F7C6 /* Main.storyboard in Resources */,
				F1B603ED22DA4E0B00A5F7C6 /* GameScene.sks in Resources */,
				F1B603F822DA4E0D00A5F7C6 /* Assets.xcassets in Resources */,
				F1B603FB22DA4E0D00A5F7C6 /* LaunchScreen.storyboard in Resources */,
				F1B603EF22DA4E0B00A5F7C6 /* Actions.sks in Resources */,
			);
			runOnlyForDeploymentPostprocessing = 0;
		};
		F1B603FF22DA4E0D00A5F7C6 /* Resources */ = {
			isa = PBXResourcesBuildPhase;
			buildActionMask = 2147483647;
			files = (
			);
			runOnlyForDeploymentPostprocessing = 0;
		};
		F1B6040A22DA4E0D00A5F7C6 /* Resources */ = {
			isa = PBXResourcesBuildPhase;
			buildActionMask = 2147483647;
			files = (
			);
			runOnlyForDeploymentPostprocessing = 0;
		};
/* End PBXResourcesBuildPhase section */

/* Begin PBXSourcesBuildPhase section */
		F1B603E322DA4E0B00A5F7C6 /* Sources */ = {
			isa = PBXSourcesBuildPhase;
			buildActionMask = 2147483647;
			files = (
				F1B603F122DA4E0B00A5F7C6 /* GameScene.swift in Sources */,
				F1B603F322DA4E0B00A5F7C6 /* GameViewController.swift in Sources */,
				F1B603EB22DA4E0B00A5F7C6 /* AppDelegate.swift in Sources */,
			);
			runOnlyForDeploymentPostprocessing = 0;
		};
		F1B603FD22DA4E0D00A5F7C6 /* Sources */ = {
			isa = PBXSourcesBuildPhase;
			buildActionMask = 2147483647;
			files = (
				F1B6040622DA4E0D00A5F7C6 /* ViaslattTests.swift in Sources */,
			);
			runOnlyForDeploymentPostprocessing = 0;
		};
		F1B6040822DA4E0D00A5F7C6 /* Sources */ = {
			isa = PBXSourcesBuildPhase;
			buildActionMask = 2147483647;
			files = (
				F1B6041122DA4E0D00A5F7C6 /* ViaslattUITests.swift in Sources */,
			);
			runOnlyForDeploymentPostprocessing = 0;
		};
/* End PBXSourcesBuildPhase section */

/* Begin PBXTargetDependency section */
		F1B6040322DA4E0D00A5F7C6 /* PBXTargetDependency */ = {
			isa = PBXTargetDependency;
			target = F1B603E622DA4E0B00A5F7C6 /* Viaslatt */;
			targetProxy = F1B6040222DA4E0D00A5F7C6 /* PBXContainerItemProxy */;
		};
		F1B6040E22DA4E0D00A5F7C6 /* PBXTargetDependency */ = {
			isa = PBXTargetDependency;
			target = F1B603E622DA4E0B00A5F7C6 /* Viaslatt */;
			targetProxy = F1B6040D22DA4E0D00A5F7C6 /* PBXContainerItemProxy */;
		};
/* End PBXTargetDependency section */

/* Begin PBXVariantGroup section */
		F1B603F422DA4E0B00A5F7C6 /* Main.storyboard */ = {
			isa = PBXVariantGroup;
			children = (
				F1B603F522DA4E0B00A5F7C6 /* Base */,
			);
			name = Main.storyboard;
			sourceTree = "<group>";
		};
		F1B603F922DA4E0D00A5F7C6 /* LaunchScreen.storyboard */ = {
			isa = PBXVariantGroup;
			children = (
				F1B603FA22DA4E0D00A5F7C6 /* Base */,
			);
			name = LaunchScreen.storyboard;
			sourceTree = "<group>";
		};
/* End PBXVariantGroup section */

/* Begin XCBuildConfiguration section */
		F1B6041322DA4E0D00A5F7C6 /* Debug */ = {
			isa = XCBuildConfiguration;
			buildSettings = {
				ALWAYS_SEARCH_USER_PATHS = NO;
				CLANG_ANALYZER_NONNULL = YES;
				CLANG_ANALYZER_NUMBER_OBJECT_CONVERSION = YES_AGGRESSIVE;
				CLANG_CXX_LANGUAGE_STANDARD = "gnu++14";
				CLANG_CXX_LIBRARY = "libc++";
				CLANG_ENABLE_MODULES = YES;
				CLANG_ENABLE_OBJC_ARC = YES;
				CLANG_ENABLE_OBJC_WEAK = YES;
				CLANG_WARN_BLOCK_CAPTURE_AUTORELEASING = YES;
				CLANG_WARN_BOOL_CONVERSION = YES;
				CLANG_WARN_COMMA = YES;
				CLANG_WARN_CONSTANT_CONVERSION = YES;
				CLANG_WARN_DEPRECATED_OBJC_IMPLEMENTATIONS = YES;
				CLANG_WARN_DIRECT_OBJC_ISA_USAGE = YES_ERROR;
				CLANG_WARN_DOCUMENTATION_COMMENTS = YES;
				CLANG_WARN_EMPTY_BODY = YES;
				CLANG_WARN_ENUM_CONVERSION = YES;
				CLANG_WARN_INFINITE_RECURSION = YES;
				CLANG_WARN_INT_CONVERSION = YES;
				CLANG_WARN_NON_LITERAL_NULL_CONVERSION = YES;
				CLANG_WARN_OBJC_IMPLICIT_RETAIN_SELF = YES;
				CLANG_WARN_OBJC_LITERAL_CONVERSION = YES;
				CLANG_WARN_OBJC_ROOT_CLASS = YES_ERROR;
				CLANG_WARN_RANGE_LOOP_ANALYSIS = YES;
				CLANG_WARN_STRICT_PROTOTYPES = YES;
				CLANG_WARN_SUSPICIOUS_MOVE = YES;
				CLANG_WARN_UNGUARDED_AVAILABILITY = YES_AGGRESSIVE;
				CLANG_WARN_UNREACHABLE_CODE = YES;
				CLANG_WARN__DUPLICATE_METHOD_MATCH = YES;
				CODE_SIGN_IDENTITY = "iPhone Developer";
				COPY_PHASE_STRIP = NO;
				DEBUG_INFORMATION_FORMAT = dwarf;
				ENABLE_STRICT_OBJC_MSGSEND = YES;
				ENABLE_TESTABILITY = YES;
				GCC_C_LANGUAGE_STANDARD = gnu11;
				GCC_DYNAMIC_NO_PIC = NO;
				GCC_NO_COMMON_BLOCKS = YES;
				GCC_OPTIMIZATION_LEVEL = 0;
				GCC_PREPROCESSOR_DEFINITIONS = (
					"DEBUG=1",
					"$(inherited)",
				);
				GCC_WARN_64_TO_32_BIT_CONVERSION = YES;
				GCC_WARN_ABOUT_RETURN_TYPE = YES_ERROR;
				GCC_WARN_UNDECLARED_SELECTOR = YES;
				GCC_WARN_UNINITIALIZED_AUTOS = YES_AGGRESSIVE;
				GCC_WARN_UNUSED_FUNCTION = YES;
				GCC_WARN_UNUSED_VARIABLE = YES;
				IPHONEOS_DEPLOYMENT_TARGET = 12.2;
				MTL_ENABLE_DEBUG_INFO = INCLUDE_SOURCE;
				MTL_FAST_MATH = YES;
				ONLY_ACTIVE_ARCH = YES;
				SDKROOT = iphoneos;
				SWIFT_ACTIVE_COMPILATION_CONDITIONS = DEBUG;
				SWIFT_OPTIMIZATION_LEVEL = "-Onone";
			};
			name = Debug;
		};
		F1B6041422DA4E0D00A5F7C6 /* Release */ = {
			isa = XCBuildConfiguration;
			buildSettings = {
				ALWAYS_SEARCH_USER_PATHS = NO;
				CLANG_ANALYZER_NONNULL = YES;
				CLANG_ANALYZER_NUMBER_OBJECT_CONVERSION = YES_AGGRESSIVE;
				CLANG_CXX_LANGUAGE_STANDARD = "gnu++14";
				CLANG_CXX_LIBRARY = "libc++";
				CLANG_ENABLE_MODULES = YES;
				CLANG_ENABLE_OBJC_ARC = YES;
				CLANG_ENABLE_OBJC_WEAK = YES;
				CLANG_WARN_BLOCK_CAPTURE_AUTORELEASING = YES;
				CLANG_WARN_BOOL_CONVERSION = YES;
				CLANG_WARN_COMMA = YES;
				CLANG_WARN_CONSTANT_CONVERSION = YES;
				CLANG_WARN_DEPRECATED_OBJC_IMPLEMENTATIONS = YES;
				CLANG_WARN_DIRECT_OBJC_ISA_USAGE = YES_ERROR;
				CLANG_WARN_DOCUMENTATION_COMMENTS = YES;
				CLANG_WARN_EMPTY_BODY = YES;
				CLANG_WARN_ENUM_CONVERSION = YES;
				CLANG_WARN_INFINITE_RECURSION = YES;
				CLANG_WARN_INT_CONVERSION = YES;
				CLANG_WARN_NON_LITERAL_NULL_CONVERSION = YES;
				CLANG_WARN_OBJC_IMPLICIT_RETAIN_SELF = YES;
				CLANG_WARN_OBJC_LITERAL_CONVERSION = YES;
				CLANG_WARN_OBJC_ROOT_CLASS = YES_ERROR;
				CLANG_WARN_RANGE_LOOP_ANALYSIS = YES;
				CLANG_WARN_STRICT_PROTOTYPES = YES;
				CLANG_WARN_SUSPICIOUS_MOVE = YES;
				CLANG_WARN_UNGUARDED_AVAILABILITY = YES_AGGRESSIVE;
				CLANG_WARN_UNREACHABLE_CODE = YES;
				CLANG_WARN__DUPLICATE_METHOD_MATCH = YES;
				CODE_SIGN_IDENTITY = "iPhone Developer";
				COPY_PHASE_STRIP = NO;
				DEBUG_INFORMATION_FORMAT = "dwarf-with-dsym";
				ENABLE_NS_ASSERTIONS = NO;
				ENABLE_STRICT_OBJC_MSGSEND = YES;
				GCC_C_LANGUAGE_STANDARD = gnu11;
				GCC_NO_COMMON_BLOCKS = YES;
				GCC_WARN_64_TO_32_BIT_CONVERSION = YES;
				GCC_WARN_ABOUT_RETURN_TYPE = YES_ERROR;
				GCC_WARN_UNDECLARED_SELECTOR = YES;
				GCC_WARN_UNINITIALIZED_AUTOS = YES_AGGRESSIVE;
				GCC_WARN_UNUSED_FUNCTION = YES;
				GCC_WARN_UNUSED_VARIABLE = YES;
				IPHONEOS_DEPLOYMENT_TARGET = 12.2;
				MTL_ENABLE_DEBUG_INFO = NO;
				MTL_FAST_MATH = YES;
				SDKROOT = iphoneos;
				SWIFT_COMPILATION_MODE = wholemodule;
				SWIFT_OPTIMIZATION_LEVEL = "-O";
				VALIDATE_PRODUCT = YES;
			};
			name = Release;
		};
		F1B6041622DA4E0D00A5F7C6 /* Debug */ = {
			isa = XCBuildConfiguration;
			buildSettings = {
				ASSETCATALOG_COMPILER_APPICON_NAME = AppIcon;
				CODE_SIGN_STYLE = Automatic;
				DEVELOPMENT_TEAM = JMJZ496Y8S;
				INFOPLIST_FILE = Viaslatt/Info.plist;
				LD_RUNPATH_SEARCH_PATHS = (
					"$(inherited)",
					"@executable_path/Frameworks",
				);
				PRODUCT_BUNDLE_IDENTIFIER = michaeltran.Viaslatt;
				PRODUCT_NAME = "$(TARGET_NAME)";
				SWIFT_VERSION = 5.0;
				TARGETED_DEVICE_FAMILY = "1,2";
			};
			name = Debug;
		};
		F1B6041722DA4E0D00A5F7C6 /* Release */ = {
			isa = XCBuildConfiguration;
			buildSettings = {
				ASSETCATALOG_COMPILER_APPICON_NAME = AppIcon;
				CODE_SIGN_STYLE = Automatic;
				DEVELOPMENT_TEAM = JMJZ496Y8S;
				INFOPLIST_FILE = Viaslatt/Info.plist;
				LD_RUNPATH_SEARCH_PATHS = (
					"$(inherited)",
					"@executable_path/Frameworks",
				);
				PRODUCT_BUNDLE_IDENTIFIER = michaeltran.Viaslatt;
				PRODUCT_NAME = "$(TARGET_NAME)";
				SWIFT_VERSION = 5.0;
				TARGETED_DEVICE_FAMILY = "1,2";
			};
			name = Release;
		};
		F1B6041922DA4E0D00A5F7C6 /* Debug */ = {
			isa = XCBuildConfiguration;
			buildSettings = {
				ALWAYS_EMBED_SWIFT_STANDARD_LIBRARIES = YES;
				BUNDLE_LOADER = "$(TEST_HOST)";
				CODE_SIGN_STYLE = Automatic;
				DEVELOPMENT_TEAM = JMJZ496Y8S;
				INFOPLIST_FILE = ViaslattTests/Info.plist;
				LD_RUNPATH_SEARCH_PATHS = (
					"$(inherited)",
					"@executable_path/Frameworks",
					"@loader_path/Frameworks",
				);
				PRODUCT_BUNDLE_IDENTIFIER = michaeltran.ViaslattTests;
				PRODUCT_NAME = "$(TARGET_NAME)";
				SWIFT_VERSION = 5.0;
				TARGETED_DEVICE_FAMILY = "1,2";
				TEST_HOST = "$(BUILT_PRODUCTS_DIR)/Viaslatt.app/Viaslatt";
			};
			name = Debug;
		};
		F1B6041A22DA4E0D00A5F7C6 /* Release */ = {
			isa = XCBuildConfiguration;
			buildSettings = {
				ALWAYS_EMBED_SWIFT_STANDARD_LIBRARIES = YES;
				BUNDLE_LOADER = "$(TEST_HOST)";
				CODE_SIGN_STYLE = Automatic;
				DEVELOPMENT_TEAM = JMJZ496Y8S;
				INFOPLIST_FILE = ViaslattTests/Info.plist;
				LD_RUNPATH_SEARCH_PATHS = (
					"$(inherited)",
					"@executable_path/Frameworks",
					"@loader_path/Frameworks",
				);
				PRODUCT_BUNDLE_IDENTIFIER = michaeltran.ViaslattTests;
				PRODUCT_NAME = "$(TARGET_NAME)";
				SWIFT_VERSION = 5.0;
				TARGETED_DEVICE_FAMILY = "1,2";
				TEST_HOST = "$(BUILT_PRODUCTS_DIR)/Viaslatt.app/Viaslatt";
			};
			name = Release;
		};
		F1B6041C22DA4E0D00A5F7C6 /* Debug */ = {
			isa = XCBuildConfiguration;
			buildSettings = {
				ALWAYS_EMBED_SWIFT_STANDARD_LIBRARIES = YES;
				CODE_SIGN_STYLE = Automatic;
				DEVELOPMENT_TEAM = JMJZ496Y8S;
				INFOPLIST_FILE = ViaslattUITests/Info.plist;
				LD_RUNPATH_SEARCH_PATHS = (
					"$(inherited)",
					"@executable_path/Frameworks",
					"@loader_path/Frameworks",
				);
				PRODUCT_BUNDLE_IDENTIFIER = michaeltran.ViaslattUITests;
				PRODUCT_NAME = "$(TARGET_NAME)";
				SWIFT_VERSION = 5.0;
				TARGETED_DEVICE_FAMILY = "1,2";
				TEST_TARGET_NAME = Viaslatt;
			};
			name = Debug;
		};
		F1B6041D22DA4E0D00A5F7C6 /* Release */ = {
			isa = XCBuildConfiguration;
			buildSettings = {
				ALWAYS_EMBED_SWIFT_STANDARD_LIBRARIES = YES;
				CODE_SIGN_STYLE = Automatic;
				DEVELOPMENT_TEAM = JMJZ496Y8S;
				INFOPLIST_FILE = ViaslattUITests/Info.plist;
				LD_RUNPATH_SEARCH_PATHS = (
					"$(inherited)",
					"@executable_path/Frameworks",
					"@loader_path/Frameworks",
				);
				PRODUCT_BUNDLE_IDENTIFIER = michaeltran.ViaslattUITests;
				PRODUCT_NAME = "$(TARGET_NAME)";
				SWIFT_VERSION = 5.0;
				TARGETED_DEVICE_FAMILY = "1,2";
				TEST_TARGET_NAME = Viaslatt;
			};
			name = Release;
		};
/* End XCBuildConfiguration section */

/* Begin XCConfigurationList section */
		F1B603E222DA4E0B00A5F7C6 /* Build configuration list for PBXProject "Viaslatt" */ = {
			isa = XCConfigurationList;
			buildConfigurations = (
				F1B6041322DA4E0D00A5F7C6 /* Debug */,
				F1B6041422DA4E0D00A5F7C6 /* Release */,
			);
			defaultConfigurationIsVisible = 0;
			defaultConfigurationName = Release;
		};
		F1B6041522DA4E0D00A5F7C6 /* Build configuration list for PBXNativeTarget "Viaslatt" */ = {
			isa = XCConfigurationList;
			buildConfigurations = (
				F1B6041622DA4E0D00A5F7C6 /* Debug */,
				F1B6041722DA4E0D00A5F7C6 /* Release */,
			);
			defaultConfigurationIsVisible = 0;
			defaultConfigurationName = Release;
		};
		F1B6041822DA4E0D00A5F7C6 /* Build configuration list for PBXNativeTarget "ViaslattTests" */ = {
			isa = XCConfigurationList;
			buildConfigurations = (
				F1B6041922DA4E0D00A5F7C6 /* Debug */,
				F1B6041A22DA4E0D00A5F7C6 /* Release */,
			);
			defaultConfigurationIsVisible = 0;
			defaultConfigurationName = Release;
		};
		F1B6041B22DA4E0D00A5F7C6 /* Build configuration list for PBXNativeTarget "ViaslattUITests" */ = {
			isa = XCConfigurationList;
			buildConfigurations = (
				F1B6041C22DA4E0D00A5F7C6 /* Debug */,
				F1B6041D22DA4E0D00A5F7C6 /* Release */,
			);
			defaultConfigurationIsVisible = 0;
			defaultConfigurationName = Release;
		};
/* End XCConfigurationList section */
	};
	rootObject = F1B603DF22DA4E0B00A5F7C6 /* Project object */;
}
